
Microsoft Visual Studio Solution File, Format Version 12.00
# Visual Studio 15
VisualStudioVersion = 15.0.27703.2047
MinimumVisualStudioVersion = 10.0.40219.1
Project("{FAE04EC0-301F-11D3-BF4B-00C04F79EFBC}") = "PasswordGuessing", "PasswordGuessing\PasswordGuessing.csproj", "{2AEF6212-90C1-4812-9187-0C6E874DC764}"
EndProject
Global
	GlobalSection(SolutionConfigurationPlatforms) = preSolution
		Debug|Any CPU = Debug|Any CPU
		Release|Any CPU = Release|Any CPU
	EndGlobalSection
	GlobalSection(ProjectConfigurationPlatforms) = postSolution
		{2AEF6212-90C1-4812-9187-0C6E874DC764}.Debug|Any CPU.ActiveCfg = Debug|Any CPU
		{2AEF6212-90C1-4812-9187-0C6E874DC764}.Debug|Any CPU.Build.0 = Debug|Any CPU
		{2AEF6212-90C1-4812-9187-0C6E874DC764}.Release|Any CPU.ActiveCfg = Release|Any CPU
		{2AEF6212-90C1-4812-9187-0C6E874DC764}.Release|Any CPU.Build.0 = Release|Any CPU
	EndGlobalSection
	GlobalSection(SolutionProperties) = preSolution
		HideSolutionNode = FALSE
	EndGlobalSection
	GlobalSection(ExtensibilityGlobals) = postSolution
		SolutionGuid = {00211386-B3E1-494F-8AAA-15765731C4D3}
	EndGlobalSection
EndGlobal
